
Microsoft Visual Studio Solution File, Format Version 12.00
# Visual Studio Version 17
VisualStudioVersion = 17.8.34309.116
MinimumVisualStudioVersion = 10.0.40219.1
Project("{9A19103F-16F7-4668-BE54-9A1E7A4F7556}") = "MarshallActon2", "MarshallActon2\MarshallActon2.csproj", "{D44B4F4C-BAD8-442C-A934-F1A16B01D5AB}"
EndProject
Global
	GlobalSection(SolutionConfigurationPlatforms) = preSolution
		Debug|Any CPU = Debug|Any CPU
		Release|Any CPU = Release|Any CPU
	EndGlobalSection
	GlobalSection(ProjectConfigurationPlatforms) = postSolution
		{D44B4F4C-BAD8-442C-A934-F1A16B01D5AB}.Debug|Any CPU.ActiveCfg = Debug|Any CPU
		{D44B4F4C-BAD8-442C-A934-F1A16B01D5AB}.Debug|Any CPU.Build.0 = Debug|Any CPU
		{D44B4F4C-BAD8-442C-A934-F1A16B01D5AB}.Release|Any CPU.ActiveCfg = Release|Any CPU
		{D44B4F4C-BAD8-442C-A934-F1A16B01D5AB}.Release|Any CPU.Build.0 = Release|Any CPU
	EndGlobalSection
	GlobalSection(SolutionProperties) = preSolution
		HideSolutionNode = FALSE
	EndGlobalSection
	GlobalSection(ExtensibilityGlobals) = postSolution
		SolutionGuid = {D1D4C890-8D7B-4E60-8491-32584B01BAF2}
	EndGlobalSection
EndGlobal
